# This file was autogenerated by Stack.
# You should not edit this file by hand.
# For more information, please see the documentation at:
#   https://docs.haskellstack.org/en/stable/lock_files

packages:
- completed:
    hackage: validation-selective-0.1.0.2@sha256:c878846bfffeba69efa3b4866025f249656e0e0a129fed6d446eb602382d328b,3856
    pantry-tree:
      size: 696
      sha256: cf625f9876fb4122bf19ba3d78f480966882c4130c3824765fd04730b32cc719
  original:
    hackage: validation-selective-0.1.0.2@sha256:c878846bfffeba69efa3b4866025f249656e0e0a129fed6d446eb602382d328b,3856
- completed:
    hackage: hedgehog-1.1.1@sha256:301b45815b0e265a683aba0971c1246bfce0ad60b09fcd60bc782016254a291a,4639
    pantry-tree:
      size: 2646
      sha256: 11a4efb8958b8958cdc26eae0517099140c2b7b2f9d3e876db5bb6eaa4edb618
  original:
    hackage: hedgehog-1.1.1@sha256:301b45815b0e265a683aba0971c1246bfce0ad60b09fcd60bc782016254a291a,4639
snapshots:
- completed:
    size: 618952
    url: https://raw.githubusercontent.com/commercialhaskell/stackage-snapshots/master/lts/19/15.yaml
    sha256: 82e5ccb47b068521de4055034e8aa278eab430b586881d9cc29ba8b382ce3253
  original: lts-19.15
