# This file was autogenerated by Stack.
# You should not edit this file by hand.
# For more information, please see the documentation at:
#   https://docs.haskellstack.org/en/stable/lock_files

packages:
- completed:
    hackage: base-orphans-0.8.6@sha256:eb6758d0160d607e0c45dbd6b196f515b9a589fd4f6d2f926929dd5d56282d37,3175
    pantry-tree:
      size: 1272
      sha256: f889d6903383305688e6e703982bfdc985649b7d4538429e44f98f99d8f73c07
  original:
    hackage: base-orphans-0.8.6@sha256:eb6758d0160d607e0c45dbd6b196f515b9a589fd4f6d2f926929dd5d56282d37,3175
- completed:
    hackage: hashable-1.3.5.0@sha256:3a2beeafb220f9de706568a7e4a5b3c762cc4c9f25c94d7ef795b8c2d6a691d7,4240
    pantry-tree:
      size: 1248
      sha256: 4df2f6b536a0fcc5f7d562cb29e373f27dc4a2747452ac5cc74c1599cab22fc5
  original:
    hackage: hashable-1.3.5.0@sha256:3a2beeafb220f9de706568a7e4a5b3c762cc4c9f25c94d7ef795b8c2d6a691d7,4240
- completed:
    hackage: hedgehog-1.1.1@sha256:301b45815b0e265a683aba0971c1246bfce0ad60b09fcd60bc782016254a291a,4639
    pantry-tree:
      size: 2646
      sha256: 11a4efb8958b8958cdc26eae0517099140c2b7b2f9d3e876db5bb6eaa4edb618
  original:
    hackage: hedgehog-1.1.1@sha256:301b45815b0e265a683aba0971c1246bfce0ad60b09fcd60bc782016254a291a,4639
- completed:
    hackage: barbies-2.0.3.1@sha256:d3f475f168c4db54dbe0c8a489129e6a91412f465b5bb01fd72d7b4e6e8c903f,4407
    pantry-tree:
      size: 4429
      sha256: 223314e8e803df322539e54d72d6b90a08c3f074fbc45f81e2de97778e8cc48c
  original:
    hackage: barbies-2.0.3.1@sha256:d3f475f168c4db54dbe0c8a489129e6a91412f465b5bb01fd72d7b4e6e8c903f,4407
snapshots:
- completed:
    size: 534126
    url: https://raw.githubusercontent.com/commercialhaskell/stackage-snapshots/master/lts/16/31.yaml
    sha256: 637fb77049b25560622a224845b7acfe81a09fdb6a96a3c75997a10b651667f6
  original: lts-16.31
