# This file was autogenerated by Stack.
# You should not edit this file by hand.
# For more information, please see the documentation at:
#   https://docs.haskellstack.org/en/stable/lock_files

packages:
- completed:
    hackage: validation-selective-0.1.0.2@sha256:c878846bfffeba69efa3b4866025f249656e0e0a129fed6d446eb602382d328b,3856
    pantry-tree:
      size: 696
      sha256: cf625f9876fb4122bf19ba3d78f480966882c4130c3824765fd04730b32cc719
  original:
    hackage: validation-selective-0.1.0.2@sha256:c878846bfffeba69efa3b4866025f249656e0e0a129fed6d446eb602382d328b,3856
- completed:
    hackage: hspec-2.8.5@sha256:6b9c26d94146b7a55a03d7d4059d6acaded54fde2090e11ce8938ac54de43c93,1709
    pantry-tree:
      size: 583
      sha256: 4221149ab97dd132f6a2c7608f61930fbfe1ce99fb1dfe93a3f5887738d5fcfe
  original:
    hackage: hspec-2.8.5@sha256:6b9c26d94146b7a55a03d7d4059d6acaded54fde2090e11ce8938ac54de43c93,1709
- completed:
    hackage: hspec-core-2.8.5@sha256:7db92ffea1bbe6048396a5e3772448a0f21f23949515540eab5311b3aa8893db,5611
    pantry-tree:
      size: 4964
      sha256: 78fcfbe124e8a92afb88f349c2976ec81fe035678e24b50da2c95490afc35658
  original:
    hackage: hspec-core-2.8.5@sha256:7db92ffea1bbe6048396a5e3772448a0f21f23949515540eab5311b3aa8893db,5611
- completed:
    hackage: hspec-discover-2.8.5@sha256:687368bede3120e90e8b4ef92885335c75237be305418ddf636aa3813da39b45,2157
    pantry-tree:
      size: 828
      sha256: fdd13970a7262a27b0842e977b99282cb56e056d670afd32851cb52a7f2a3ce4
  original:
    hackage: hspec-discover-2.8.5@sha256:687368bede3120e90e8b4ef92885335c75237be305418ddf636aa3813da39b45,2157
snapshots:
- completed:
    size: 616785
    url: https://raw.githubusercontent.com/commercialhaskell/stackage-snapshots/master/nightly/2022/7/12.yaml
    sha256: 9dec9fef18b93e90be520f16d8e7c79c82e967f535f91dbe87dad75cb09d7c04
  original: nightly-2022-07-12
