# This file was autogenerated by Stack.
# You should not edit this file by hand.
# For more information, please see the documentation at:
#   https://docs.haskellstack.org/en/stable/lock_files

packages:
- completed:
    hackage: validation-selective-0.1.0.2@sha256:c878846bfffeba69efa3b4866025f249656e0e0a129fed6d446eb602382d328b,3856
    pantry-tree:
      size: 696
      sha256: cf625f9876fb4122bf19ba3d78f480966882c4130c3824765fd04730b32cc719
  original:
    hackage: validation-selective-0.1.0.2@sha256:c878846bfffeba69efa3b4866025f249656e0e0a129fed6d446eb602382d328b,3856
- completed:
    hackage: hspec-hedgehog-0.0.1.2@sha256:4d09c7be34cdc941b78e4e964f71013ffeeb099ea32d8ede17ad9c03ae7a62e3,1470
    pantry-tree:
      size: 379
      sha256: 8f67eea5401371f7e1ea44f2b74130e2b3b2cc16eec28b097f72c7ffbb56a58c
  original:
    hackage: hspec-hedgehog-0.0.1.2@sha256:4d09c7be34cdc941b78e4e964f71013ffeeb099ea32d8ede17ad9c03ae7a62e3,1470
snapshots:
- completed:
    size: 524996
    url: https://raw.githubusercontent.com/commercialhaskell/stackage-snapshots/master/lts/14/27.yaml
    sha256: 7ea31a280c56bf36ff591a7397cc384d0dff622e7f9e4225b47d8980f019a0f0
  original: lts-14.27
