# This file was autogenerated by Stack.
# You should not edit this file by hand.
# For more information, please see the documentation at:
#   https://docs.haskellstack.org/en/stable/lock_files

packages:
- completed:
    hackage: hashable-1.4.0.2@sha256:0cddd0229d1aac305ea0404409c0bbfab81f075817bd74b8b2929eff58333e55,5005
    pantry-tree:
      size: 1248
      sha256: 51dda0aa70849588d074125f324beba1c8736cfa486e7f4a90a798b1d0e6019d
  original:
    hackage: hashable-1.4.0.2@sha256:0cddd0229d1aac305ea0404409c0bbfab81f075817bd74b8b2929eff58333e55,5005
- completed:
    hackage: hedgehog-1.1.1@sha256:301b45815b0e265a683aba0971c1246bfce0ad60b09fcd60bc782016254a291a,4639
    pantry-tree:
      size: 2646
      sha256: 11a4efb8958b8958cdc26eae0517099140c2b7b2f9d3e876db5bb6eaa4edb618
  original:
    hackage: hedgehog-1.1.1@sha256:301b45815b0e265a683aba0971c1246bfce0ad60b09fcd60bc782016254a291a,4639
snapshots:
- completed:
    size: 590100
    url: https://raw.githubusercontent.com/commercialhaskell/stackage-snapshots/master/lts/18/28.yaml
    sha256: 428ec8d5ce932190d3cbe266b9eb3c175cd81e984babf876b64019e2cbe4ea68
  original: lts-18.28
